{
  "nodes": {
    "home-manager-stable": {
      "inputs": {
        "nixpkgs": [
          "nixpkgs-stable"
        ]
      },
      "locked": {
        "lastModified": 1758463745,
        "narHash": "sha256-uhzsV0Q0I9j2y/rfweWeGif5AWe0MGrgZ/3TjpDYdGA=",
        "owner": "nix-community",
        "repo": "home-manager",
        "rev": "3b955f5f0a942f9f60cdc9cacb7844335d0f21c3",
        "type": "github"
      },
      "original": {
        "owner": "nix-community",
        "ref": "release-25.05",
        "repo": "home-manager",
        "type": "github"
      }
    },
    "home-manager-unstable": {
      "inputs": {
        "nixpkgs": [
          "nixpkgs-unstable"
        ]
      },
      "locked": {
        "lastModified": 1762087455,
        "narHash": "sha256-hpbPma1eUKwLAmiVRoMgIHbHiIKFkcACobJLbDt6ABw=",
        "owner": "nix-community",
        "repo": "home-manager",
        "rev": "43e205606aeb253bfcee15fd8a4a01d8ce8384ca",
        "type": "github"
      },
      "original": {
        "owner": "nix-community",
        "ref": "master",
        "repo": "home-manager",
        "type": "github"
      }
    },
    "nixpkgs-stable": {
      "locked": {
        "lastModified": 1761999846,
        "narHash": "sha256-IYlYnp4O4dzEpL77BD/lj5NnJy2J8qbHkNSFiPBCbqo=",
        "owner": "NixOS",
        "repo": "nixpkgs",
        "rev": "3de8f8d73e35724bf9abef41f1bdbedda1e14a31",
        "type": "github"
      },
      "original": {
        "id": "nixpkgs",
        "ref": "nixos-25.05",
        "type": "indirect"
      }
    },
    "nixpkgs-unstable": {
      "locked": {
        "lastModified": 1761907660,
        "narHash": "sha256-kJ8lIZsiPOmbkJypG+B5sReDXSD1KGu2VEPNqhRa/ew=",
        "owner": "NixOS",
        "repo": "nixpkgs",
        "rev": "2fb006b87f04c4d3bdf08cfdbc7fab9c13d94a15",
        "type": "github"
      },
      "original": {
        "id": "nixpkgs",
        "ref": "nixos-unstable",
        "type": "indirect"
      }
    },
    "root": {
      "inputs": {
        "home-manager-stable": "home-manager-stable",
        "home-manager-unstable": "home-manager-unstable",
        "nixpkgs-stable": "nixpkgs-stable",
        "nixpkgs-unstable": "nixpkgs-unstable"
      }
    }
  },
  "root": "root",
  "version": 7
}
